# This file is automatically @generated by Cargo.
# It is not intended for manual editing.
version = 3

[[package]]
name = "autocfg"
version = "1.0.1"
source = "registry+https://github.com/rust-lang/crates.io-index"
checksum = "cdb031dd78e28731d87d56cc8ffef4a8f36ca26c38fe2de700543e627f8a464a"

[[package]]
name = "lazy_static"
version = "1.4.0"
source = "registry+https://github.com/rust-lang/crates.io-index"
checksum = "e2abad23fbc42b3700f2f279844dc832adb2b2eb069b2df918f455c4e18cc646"

[[package]]
name = "libc"
version = "0.2.72"
source = "registry+https://github.com/rust-lang/crates.io-index"
checksum = "a9f8082297d534141b30c8d39e9b1773713ab50fdbe4ff30f750d063b3bfd701"

[[package]]
name = "num-traits"
version = "0.2.14"
source = "registry+https://github.com/rust-lang/crates.io-index"
checksum = "9a64b1ec5cda2586e284722486d802acf1f7dbdc623e2bfc57e65ca1cd099290"
dependencies = [
 "autocfg",
]

[[package]]
name = "pid"
version = "3.0.0"
source = "registry+https://github.com/rust-lang/crates.io-index"
checksum = "d81764342f0ec3d969b9898925e5b0dc31c95466cb70a79a3064b33eb3b5480a"
dependencies = [
 "num-traits",
]

[[package]]
name = "rpi_embedded"
version = "0.1.0"
source = "registry+https://github.com/rust-lang/crates.io-index"
checksum = "f052bc47577b54d656c0adabd2e76591bc646ab01714e1abf429aeaed83f1222"
dependencies = [
 "lazy_static",
 "libc",
]

[[package]]
name = "rppal"
version = "0.13.1"
source = "registry+https://github.com/rust-lang/crates.io-index"
checksum = "c88c9c6248de4d337747b619d8f671055ef48a87dc21b97998833f189a0bbd4f"
dependencies = [
 "lazy_static",
 "libc",
]

[[package]]
name = "uart_test"
version = "0.1.0"
dependencies = [
 "pid",
 "rpi_embedded",
 "rppal",
]
